
Microsoft Visual Studio Solution File, Format Version 12.00
# Visual Studio Version 17
VisualStudioVersion = 17.5.002.0
MinimumVisualStudioVersion = 10.0.40219.1
Project("{9A19103F-16F7-4668-BE54-9A1E7A4F7556}") = "ExecSqlCommand", "ExecSqlCommand.csproj", "{30068C70-9C30-47F5-AC1D-0889B874F3DF}"
EndProject
Global
	GlobalSection(SolutionConfigurationPlatforms) = preSolution
		Debug|Any CPU = Debug|Any CPU
		Release|Any CPU = Release|Any CPU
	EndGlobalSection
	GlobalSection(ProjectConfigurationPlatforms) = postSolution
		{30068C70-9C30-47F5-AC1D-0889B874F3DF}.Debug|Any CPU.ActiveCfg = Debug|Any CPU
		{30068C70-9C30-47F5-AC1D-0889B874F3DF}.Debug|Any CPU.Build.0 = Debug|Any CPU
		{30068C70-9C30-47F5-AC1D-0889B874F3DF}.Release|Any CPU.ActiveCfg = Release|Any CPU
		{30068C70-9C30-47F5-AC1D-0889B874F3DF}.Release|Any CPU.Build.0 = Release|Any CPU
	EndGlobalSection
	GlobalSection(SolutionProperties) = preSolution
		HideSolutionNode = FALSE
	EndGlobalSection
	GlobalSection(ExtensibilityGlobals) = postSolution
		SolutionGuid = {668A4543-F58A-42EB-8B7E-1A3CB70D9A8E}
	EndGlobalSection
EndGlobal
